
Microsoft Visual Studio Solution File, Format Version 12.00
# Visual Studio Version 17
VisualStudioVersion = 17.5.002.0
MinimumVisualStudioVersion = 10.0.40219.1
Project("{9A19103F-16F7-4668-BE54-9A1E7A4F7556}") = "NotificationService", "NotificationService.csproj", "{2554BBD9-703E-41B2-B33C-E6C625057040}"
EndProject
Global
	GlobalSection(SolutionConfigurationPlatforms) = preSolution
		Debug|Any CPU = Debug|Any CPU
		Release|Any CPU = Release|Any CPU
	EndGlobalSection
	GlobalSection(ProjectConfigurationPlatforms) = postSolution
		{2554BBD9-703E-41B2-B33C-E6C625057040}.Debug|Any CPU.ActiveCfg = Debug|Any CPU
		{2554BBD9-703E-41B2-B33C-E6C625057040}.Debug|Any CPU.Build.0 = Debug|Any CPU
		{2554BBD9-703E-41B2-B33C-E6C625057040}.Release|Any CPU.ActiveCfg = Release|Any CPU
		{2554BBD9-703E-41B2-B33C-E6C625057040}.Release|Any CPU.Build.0 = Release|Any CPU
	EndGlobalSection
	GlobalSection(SolutionProperties) = preSolution
		HideSolutionNode = FALSE
	EndGlobalSection
	GlobalSection(ExtensibilityGlobals) = postSolution
		SolutionGuid = {37D1C7FD-CCDD-4C5A-B71F-CB0EEC5A7913}
	EndGlobalSection
EndGlobal
